
Microsoft Visual Studio Solution File, Format Version 12.00
# Visual Studio 15
Project("{FAE04EC0-301F-11D3-BF4B-00C04F79EFBC}") = "Assembly-CSharp", "Assembly-CSharp.csproj", "{968C3547-09CF-353B-01B5-B6B9AE541272}"
EndProject
Project("{FAE04EC0-301F-11D3-BF4B-00C04F79EFBC}") = "Assembly-CSharp-Editor", "Assembly-CSharp-Editor.csproj", "{5930A176-1CAD-EAAE-C044-C834CADEDFAA}"
EndProject
Global
	GlobalSection(SolutionConfigurationPlatforms) = preSolution
		Debug|Any CPU = Debug|Any CPU
		Release|Any CPU = Release|Any CPU
	EndGlobalSection
	GlobalSection(ProjectConfigurationPlatforms) = postSolution
		{968C3547-09CF-353B-01B5-B6B9AE541272}.Debug|Any CPU.ActiveCfg = Debug|Any CPU
		{968C3547-09CF-353B-01B5-B6B9AE541272}.Debug|Any CPU.Build.0 = Debug|Any CPU
		{968C3547-09CF-353B-01B5-B6B9AE541272}.Release|Any CPU.ActiveCfg = Release|Any CPU
		{968C3547-09CF-353B-01B5-B6B9AE541272}.Release|Any CPU.Build.0 = Release|Any CPU
		{5930A176-1CAD-EAAE-C044-C834CADEDFAA}.Debug|Any CPU.ActiveCfg = Debug|Any CPU
		{5930A176-1CAD-EAAE-C044-C834CADEDFAA}.Debug|Any CPU.Build.0 = Debug|Any CPU
		{5930A176-1CAD-EAAE-C044-C834CADEDFAA}.Release|Any CPU.ActiveCfg = Release|Any CPU
		{5930A176-1CAD-EAAE-C044-C834CADEDFAA}.Release|Any CPU.Build.0 = Release|Any CPU
	EndGlobalSection
	GlobalSection(SolutionProperties) = preSolution
		HideSolutionNode = FALSE
	EndGlobalSection
EndGlobal
